
Microsoft Visual Studio Solution File, Format Version 12.00
# Visual Studio Version 17
VisualStudioVersion = 17.14.36408.4 d17.14
MinimumVisualStudioVersion = 10.0.40219.1
Project("{FAE04EC0-301F-11D3-BF4B-00C04F79EFBC}") = "Reports", "Reports\Reports.csproj", "{2F175AA9-37D8-49F6-981B-8DB56832D71E}"
EndProject
Global
	GlobalSection(SolutionConfigurationPlatforms) = preSolution
		Debug|Any CPU = Debug|Any CPU
		Release|Any CPU = Release|Any CPU
	EndGlobalSection
	GlobalSection(ProjectConfigurationPlatforms) = postSolution
		{2F175AA9-37D8-49F6-981B-8DB56832D71E}.Debug|Any CPU.ActiveCfg = Debug|Any CPU
		{2F175AA9-37D8-49F6-981B-8DB56832D71E}.Debug|Any CPU.Build.0 = Debug|Any CPU
		{2F175AA9-37D8-49F6-981B-8DB56832D71E}.Release|Any CPU.ActiveCfg = Release|Any CPU
		{2F175AA9-37D8-49F6-981B-8DB56832D71E}.Release|Any CPU.Build.0 = Release|Any CPU
	EndGlobalSection
	GlobalSection(SolutionProperties) = preSolution
		HideSolutionNode = FALSE
	EndGlobalSection
	GlobalSection(ExtensibilityGlobals) = postSolution
		SolutionGuid = {8AB7F901-D65D-40E0-9C30-9B4C4F9EA9BA}
	EndGlobalSection
EndGlobal
